
Microsoft Visual Studio Solution File, Format Version 12.00
# Visual Studio Version 16
VisualStudioVersion = 16.0.31424.327
MinimumVisualStudioVersion = 10.0.40219.1
Project("{FAE04EC0-301F-11D3-BF4B-00C04F79EFBC}") = "TelemetryReceiver", "TelemetryReceiver.csproj", "{6C7BE483-373E-4CA5-A407-9A00A71D45EA}"
EndProject
Global
	GlobalSection(SolutionConfigurationPlatforms) = preSolution
		Debug|Any CPU = Debug|Any CPU
		Release|Any CPU = Release|Any CPU
	EndGlobalSection
	GlobalSection(ProjectConfigurationPlatforms) = postSolution
		{6C7BE483-373E-4CA5-A407-9A00A71D45EA}.Debug|Any CPU.ActiveCfg = Debug|Any CPU
		{6C7BE483-373E-4CA5-A407-9A00A71D45EA}.Debug|Any CPU.Build.0 = Debug|Any CPU
		{6C7BE483-373E-4CA5-A407-9A00A71D45EA}.Release|Any CPU.ActiveCfg = Release|Any CPU
		{6C7BE483-373E-4CA5-A407-9A00A71D45EA}.Release|Any CPU.Build.0 = Release|Any CPU
	EndGlobalSection
	GlobalSection(SolutionProperties) = preSolution
		HideSolutionNode = FALSE
	EndGlobalSection
	GlobalSection(ExtensibilityGlobals) = postSolution
		SolutionGuid = {8AA052DC-A194-403C-9688-52A0410E0ECC}
	EndGlobalSection
EndGlobal
